
Microsoft Visual Studio Solution File, Format Version 12.00
Project("{FAE04EC0-301F-11D3-BF4B-00C04F79EFBC}") = "SolarwatchAPI", "SolarwatchAPI\SolarwatchAPI.csproj", "{E72B85BF-27F9-4089-98F0-7100A92BA268}"
EndProject
Project("{FAE04EC0-301F-11D3-BF4B-00C04F79EFBC}") = "SolarWatchTest", "SolarWatchTest\SolarWatchTest.csproj", "{6A376EC1-CA01-4C9D-A186-A4DD3AAC4BD9}"
EndProject
Global
	GlobalSection(SolutionConfigurationPlatforms) = preSolution
		Debug|Any CPU = Debug|Any CPU
		Release|Any CPU = Release|Any CPU
	EndGlobalSection
	GlobalSection(ProjectConfigurationPlatforms) = postSolution
		{E72B85BF-27F9-4089-98F0-7100A92BA268}.Debug|Any CPU.ActiveCfg = Debug|Any CPU
		{E72B85BF-27F9-4089-98F0-7100A92BA268}.Debug|Any CPU.Build.0 = Debug|Any CPU
		{E72B85BF-27F9-4089-98F0-7100A92BA268}.Release|Any CPU.ActiveCfg = Release|Any CPU
		{E72B85BF-27F9-4089-98F0-7100A92BA268}.Release|Any CPU.Build.0 = Release|Any CPU
		{6A376EC1-CA01-4C9D-A186-A4DD3AAC4BD9}.Debug|Any CPU.ActiveCfg = Debug|Any CPU
		{6A376EC1-CA01-4C9D-A186-A4DD3AAC4BD9}.Debug|Any CPU.Build.0 = Debug|Any CPU
		{6A376EC1-CA01-4C9D-A186-A4DD3AAC4BD9}.Release|Any CPU.ActiveCfg = Release|Any CPU
		{6A376EC1-CA01-4C9D-A186-A4DD3AAC4BD9}.Release|Any CPU.Build.0 = Release|Any CPU
	EndGlobalSection
EndGlobal
